{
  "name": "doctrina-monorepo",
  "version": "0.0.0",
  "lockfileVersion": 3,
  "requires": true,
  "packages": {
    "": {
      "name": "doctrina-monorepo",
      "version": "0.0.0",
      "license": "MIT",
      "workspaces": [
        "packages/*"
      ],
      "engines": {
        "node": ">=20.12"
      }
    },
    "node_modules/doctrina": {
      "resolved": "packages/doctrina-cli",
      "link": true
    },
    "packages/doctrina-cli": {
      "name": "doctrina",
      "version": "0.1.0",
      "license": "MIT",
      "bin": {
        "doctrina": "src/index.js"
      },
      "engines": {
        "node": ">=20.12"
      }
    }
  }
}
